
Microsoft Visual Studio Solution File, Format Version 12.00
# Visual Studio Version 17
VisualStudioVersion = 17.14.36511.14 d17.14
MinimumVisualStudioVersion = 10.0.40219.1
Project("{FAE04EC0-301F-11D3-BF4B-00C04F79EFBC}") = "OutSourcyECommerceAssignment", "OutSourcyECommerceAssignment\OutSourcyECommerceAssignment.csproj", "{35F875F4-DC95-489C-AA84-DAAEC5B8DE90}"
EndProject
Global
	GlobalSection(SolutionConfigurationPlatforms) = preSolution
		Debug|Any CPU = Debug|Any CPU
		Release|Any CPU = Release|Any CPU
	EndGlobalSection
	GlobalSection(ProjectConfigurationPlatforms) = postSolution
		{35F875F4-DC95-489C-AA84-DAAEC5B8DE90}.Debug|Any CPU.ActiveCfg = Debug|Any CPU
		{35F875F4-DC95-489C-AA84-DAAEC5B8DE90}.Debug|Any CPU.Build.0 = Debug|Any CPU
		{35F875F4-DC95-489C-AA84-DAAEC5B8DE90}.Release|Any CPU.ActiveCfg = Release|Any CPU
		{35F875F4-DC95-489C-AA84-DAAEC5B8DE90}.Release|Any CPU.Build.0 = Release|Any CPU
	EndGlobalSection
	GlobalSection(SolutionProperties) = preSolution
		HideSolutionNode = FALSE
	EndGlobalSection
	GlobalSection(ExtensibilityGlobals) = postSolution
		SolutionGuid = {C5D47828-C565-498F-8F79-0C8A44FAB472}
	EndGlobalSection
EndGlobal
